<?xml version="1.0" encoding="utf-8"?>
<Project ToolsVersion="4.0" xmlns="http://schemas.microsoft.com/developer/msbuild/2003">
  <ItemGroup>
    <Filter Include="Source Files">
      <UniqueIdentifier>{4FC737F1-C7A5-4376-A066-2A32D752A2FF}</UniqueIdentifier>
      <Extensions>cpp;c;cc;cxx;def;odl;idl;hpj;bat;asm;asmx</Extensions>
    </Filter>
    <Filter Include="Header Files">
      <UniqueIdentifier>{93995380-89BD-4b04-88EB-625FBE52EBFB}</UniqueIdentifier>
      <Extensions>h;hh;hpp;hxx;hm;inl;inc;xsd</Extensions>
    </Filter>
    <Filter Include="Resource Files">
      <UniqueIdentifier>{67DA6AB6-F800-4c08-8B7A-83BB121AAD01}</UniqueIdentifier>
      <Extensions>rc;ico;cur;bmp;dlg;rc2;rct;bin;rgs;gif;jpg;jpeg;jpe;resx;tiff;tif;png;wav;mfcribbon-ms</Extensions>
    </Filter>
    <Filter Include="Source Files\Engine">
      <UniqueIdentifier>{e3c1cf1d-885c-40d9-a041-6a6b16181ce8}</UniqueIdentifier>
    </Filter>
    <Filter Include="Header Files\Engine">
      <UniqueIdentifier>{97ed4bd5-dbd7-4f84-b85e-dab4cb379b11}</UniqueIdentifier>
    </Filter>
    <Filter Include="Source Files\Engine\Modules">
      <UniqueIdentifier>{1663659e-cde1-4bb1-9835-71be060a1992}</UniqueIdentifier>
    </Filter>
    <Filter Include="Header Files\Engine\Modules">
      <UniqueIdentifier>{97cb18ff-529f-4989-a934-38dfded92a93}</UniqueIdentifier>
    </Filter>
    <Filter Include="Source Files\Engine\Utilities">
      <UniqueIdentifier>{b7a1281f-a846-4f77-ad89-29ab00485031}</UniqueIdentifier>
    </Filter>
    <Filter Include="Header Files\Engine\Utilities">
      <UniqueIdentifier>{acc8f055-cbb4-4ba1-b689-4995705308b5}</UniqueIdentifier>
    </Filter>
  </ItemGroup>
  <ItemGroup>
    <ClCompile Include="src\game.cpp">
      <Filter>Source Files</Filter>
    </ClCompile>
    <ClCompile Include="src\engine\font.cpp">
      <Filter>Source Files\Engine</Filter>
    </ClCompile>
    <ClCompile Include="src\engine\physics.cpp">
      <Filter>Source Files\Engine</Filter>
    </ClCompile>
    <ClCompile Include="src\engine\main.cpp">
      <Filter>Source Files\Engine</Filter>
    </ClCompile>
    <ClCompile Include="src\engine\keyboard.cpp">
      <Filter>Source Files\Engine</Filter>
    </ClCompile>
    <ClCompile Include="src\engine\mouse.cpp">
      <Filter>Source Files\Engine</Filter>
    </ClCompile>
    <ClCompile Include="src\engine\logger.cpp">
      <Filter>Source Files\Engine</Filter>
    </ClCompile>
    <ClCompile Include="src\engine\graphics.cpp">
      <Filter>Source Files\Engine</Filter>
    </ClCompile>
    <ClCompile Include="src\engine\node.cpp">
      <Filter>Source Files\Engine</Filter>
    </ClCompile>
    <ClCompile Include="src\engine\saveManager.cpp">
      <Filter>Source Files\Engine</Filter>
    </ClCompile>
    <ClCompile Include="src\engine\audioController.cpp">
      <Filter>Source Files\Engine</Filter>
    </ClCompile>
    <ClCompile Include="src\engine\resourcesLoader.cpp">
      <Filter>Source Files\Engine</Filter>
    </ClCompile>
    <ClCompile Include="src\engine\texture.cpp">
      <Filter>Source Files\Engine</Filter>
    </ClCompile>
    <ClCompile Include="src\engine\animation.cpp">
      <Filter>Source Files\Engine</Filter>
    </ClCompile>
    <ClCompile Include="src\engine\window.cpp">
      <Filter>Source Files\Engine</Filter>
    </ClCompile>
    <ClCompile Include="src\engine\visualNovel.cpp">
      <Filter>Source Files\Engine\Modules</Filter>
    </ClCompile>
    <ClCompile Include="src\engine\tileMap.cpp">
      <Filter>Source Files\Engine\Modules</Filter>
    </ClCompile>
    <ClCompile Include="src\engine\pathFinding.cpp">
      <Filter>Source Files\Engine\Modules</Filter>
    </ClCompile>
    <ClCompile Include="src\engine\2.5d.cpp">
      <Filter>Source Files\Engine\Modules</Filter>
    </ClCompile>
    <ClCompile Include="src\engine\resourcesManager.cpp">
      <Filter>Source Files\Engine</Filter>
    </ClCompile>
    <ClCompile Include="src\engine\utilities.cpp">
      <Filter>Source Files\Engine\Utilities</Filter>
    </ClCompile>
    <ClCompile Include="src\engine\fileList.cpp">
      <Filter>Source Files\Engine\Utilities</Filter>
    </ClCompile>
  </ItemGroup>
  <ItemGroup>
    <ClInclude Include="src\engine\font.h">
      <Filter>Header Files\Engine</Filter>
    </ClInclude>
    <ClInclude Include="src\engine\physics.h">
      <Filter>Header Files\Engine</Filter>
    </ClInclude>
    <ClInclude Include="src\engine\keyboard.h">
      <Filter>Header Files\Engine</Filter>
    </ClInclude>
    <ClInclude Include="src\game.h">
      <Filter>Header Files</Filter>
    </ClInclude>
    <ClInclude Include="src\engine\mouse.h">
      <Filter>Header Files\Engine</Filter>
    </ClInclude>
    <ClInclude Include="src\engine\logger.h">
      <Filter>Header Files\Engine</Filter>
    </ClInclude>
    <ClInclude Include="src\engine\graphics.h">
      <Filter>Header Files\Engine</Filter>
    </ClInclude>
    <ClInclude Include="src\engine\node.h">
      <Filter>Header Files\Engine</Filter>
    </ClInclude>
    <ClInclude Include="src\engine\keyboardCode.h">
      <Filter>Header Files\Engine</Filter>
    </ClInclude>
    <ClInclude Include="src\engine\audioController.h">
      <Filter>Header Files\Engine</Filter>
    </ClInclude>
    <ClInclude Include="src\engine\resourcesLoader.h">
      <Filter>Header Files\Engine</Filter>
    </ClInclude>
    <ClInclude Include="src\engine\texture.h">
      <Filter>Header Files\Engine</Filter>
    </ClInclude>
    <ClInclude Include="src\engine\animation.h">
      <Filter>Header Files\Engine</Filter>
    </ClInclude>
    <ClInclude Include="src\engine\window.h">
      <Filter>Header Files\Engine</Filter>
    </ClInclude>
    <ClInclude Include="src\engine\visualNovel.h">
      <Filter>Header Files\Engine\Modules</Filter>
    </ClInclude>
    <ClInclude Include="src\engine\tileMap.h">
      <Filter>Header Files\Engine\Modules</Filter>
    </ClInclude>
    <ClInclude Include="src\engine\pathFinding.h">
      <Filter>Header Files\Engine\Modules</Filter>
    </ClInclude>
    <ClInclude Include="src\engine\2.5d.h">
      <Filter>Header Files\Engine\Modules</Filter>
    </ClInclude>
    <ClInclude Include="src\engine\resourcesManager.h">
      <Filter>Header Files\Engine</Filter>
    </ClInclude>
    <ClInclude Include="src\engine\saveFileManager.h">
      <Filter>Header Files\Engine</Filter>
    </ClInclude>
    <ClInclude Include="src\engine\utilities.h">
      <Filter>Header Files\Engine\Utilities</Filter>
    </ClInclude>
    <ClInclude Include="src\engine\fileList.h">
      <Filter>Header Files\Engine\Utilities</Filter>
    </ClInclude>
  </ItemGroup>
  <ItemGroup>
    <None Include="todo.h">
      <Filter>Header Files</Filter>
    </None>
  </ItemGroup>
</Project>